// !$*UTF8*$!
{
	archiveVersion = 1;
	classes = {
	};
	objectVersion = 55;
	objects = {

/* Begin PBXBuildFile section */
		D655521527B5025A006A6007 /* AppDelegate.swift in Sources */ = {isa = PBXBuildFile; fileRef = D655521427B5025A006A6007 /* AppDelegate.swift */; };
		D655521727B5025A006A6007 /* SceneDelegate.swift in Sources */ = {isa = PBXBuildFile; fileRef = D655521627B5025A006A6007 /* SceneDelegate.swift */; };
		D655521E27B50260006A6007 /* Assets.xcassets in Resources */ = {isa = PBXBuildFile; fileRef = D655521D27B50260006A6007 /* Assets.xcassets */; };
		D655522C27B50261006A6007 /* CharacterListTestCases.swift in Sources */ = {isa = PBXBuildFile; fileRef = D655522B27B50261006A6007 /* CharacterListTestCases.swift */; };
		D655523627B50261006A6007 /* OpenBankAssesmentBySachinKishoreUITests.swift in Sources */ = {isa = PBXBuildFile; fileRef = D655523527B50261006A6007 /* OpenBankAssesmentBySachinKishoreUITests.swift */; };
		D655523827B50261006A6007 /* OpenBankAssesmentBySachinKishoreUITestsLaunchTests.swift in Sources */ = {isa = PBXBuildFile; fileRef = D655523727B50261006A6007 /* OpenBankAssesmentBySachinKishoreUITestsLaunchTests.swift */; };
		D655524B27B50291006A6007 /* Messages.swift in Sources */ = {isa = PBXBuildFile; fileRef = D655524527B50291006A6007 /* Messages.swift */; };
		D655524C27B50291006A6007 /* Messages.swift in Sources */ = {isa = PBXBuildFile; fileRef = D655524527B50291006A6007 /* Messages.swift */; };
		D655524D27B50291006A6007 /* Messages.swift in Sources */ = {isa = PBXBuildFile; fileRef = D655524527B50291006A6007 /* Messages.swift */; };
		D655524E27B50291006A6007 /* Marvel.plist in Resources */ = {isa = PBXBuildFile; fileRef = D655524627B50291006A6007 /* Marvel.plist */; };
		D655524F27B50291006A6007 /* Marvel.plist in Resources */ = {isa = PBXBuildFile; fileRef = D655524627B50291006A6007 /* Marvel.plist */; };
		D655525027B50291006A6007 /* Marvel.plist in Resources */ = {isa = PBXBuildFile; fileRef = D655524627B50291006A6007 /* Marvel.plist */; };
		D655525127B50291006A6007 /* BaseViewController.swift in Sources */ = {isa = PBXBuildFile; fileRef = D655524727B50291006A6007 /* BaseViewController.swift */; };
		D655525227B50291006A6007 /* BaseViewController.swift in Sources */ = {isa = PBXBuildFile; fileRef = D655524727B50291006A6007 /* BaseViewController.swift */; };
		D655525327B50291006A6007 /* BaseViewController.swift in Sources */ = {isa = PBXBuildFile; fileRef = D655524727B50291006A6007 /* BaseViewController.swift */; };
		D655525427B50291006A6007 /* StoryBoard.swift in Sources */ = {isa = PBXBuildFile; fileRef = D655524827B50291006A6007 /* StoryBoard.swift */; };
		D655525527B50291006A6007 /* StoryBoard.swift in Sources */ = {isa = PBXBuildFile; fileRef = D655524827B50291006A6007 /* StoryBoard.swift */; };
		D655525627B50291006A6007 /* StoryBoard.swift in Sources */ = {isa = PBXBuildFile; fileRef = D655524827B50291006A6007 /* StoryBoard.swift */; };
		D655525727B50291006A6007 /* CommonFunctions.swift in Sources */ = {isa = PBXBuildFile; fileRef = D655524927B50291006A6007 /* CommonFunctions.swift */; };
		D655525827B50291006A6007 /* CommonFunctions.swift in Sources */ = {isa = PBXBuildFile; fileRef = D655524927B50291006A6007 /* CommonFunctions.swift */; };
		D655525927B50291006A6007 /* CommonFunctions.swift in Sources */ = {isa = PBXBuildFile; fileRef = D655524927B50291006A6007 /* CommonFunctions.swift */; };
		D655525A27B50291006A6007 /* APIClass.swift in Sources */ = {isa = PBXBuildFile; fileRef = D655524A27B50291006A6007 /* APIClass.swift */; };
		D655525B27B50291006A6007 /* APIClass.swift in Sources */ = {isa = PBXBuildFile; fileRef = D655524A27B50291006A6007 /* APIClass.swift */; };
		D655525C27B50291006A6007 /* APIClass.swift in Sources */ = {isa = PBXBuildFile; fileRef = D655524A27B50291006A6007 /* APIClass.swift */; };
		D655527527B502A5006A6007 /* CharacterDetailViewModel.swift in Sources */ = {isa = PBXBuildFile; fileRef = D655526027B502A5006A6007 /* CharacterDetailViewModel.swift */; };
		D655527627B502A5006A6007 /* CharacterDetailViewModel.swift in Sources */ = {isa = PBXBuildFile; fileRef = D655526027B502A5006A6007 /* CharacterDetailViewModel.swift */; };
		D655527727B502A5006A6007 /* CharacterDetailViewModel.swift in Sources */ = {isa = PBXBuildFile; fileRef = D655526027B502A5006A6007 /* CharacterDetailViewModel.swift */; };
		D655527827B502A5006A6007 /* Detail.storyboard in Resources */ = {isa = PBXBuildFile; fileRef = D655526227B502A5006A6007 /* Detail.storyboard */; };
		D655527927B502A5006A6007 /* Detail.storyboard in Resources */ = {isa = PBXBuildFile; fileRef = D655526227B502A5006A6007 /* Detail.storyboard */; };
		D655527A27B502A5006A6007 /* Detail.storyboard in Resources */ = {isa = PBXBuildFile; fileRef = D655526227B502A5006A6007 /* Detail.storyboard */; };
		D655527B27B502A5006A6007 /* CharacterDetailViewController.swift in Sources */ = {isa = PBXBuildFile; fileRef = D655526427B502A5006A6007 /* CharacterDetailViewController.swift */; };
		D655527C27B502A5006A6007 /* CharacterDetailViewController.swift in Sources */ = {isa = PBXBuildFile; fileRef = D655526427B502A5006A6007 /* CharacterDetailViewController.swift */; };
		D655527D27B502A5006A6007 /* CharacterDetailViewController.swift in Sources */ = {isa = PBXBuildFile; fileRef = D655526427B502A5006A6007 /* CharacterDetailViewController.swift */; };
		D655527E27B502A5006A6007 /* ListViewModel.swift in Sources */ = {isa = PBXBuildFile; fileRef = D655526727B502A5006A6007 /* ListViewModel.swift */; };
		D655527F27B502A5006A6007 /* ListViewModel.swift in Sources */ = {isa = PBXBuildFile; fileRef = D655526727B502A5006A6007 /* ListViewModel.swift */; };
		D655528027B502A5006A6007 /* ListViewModel.swift in Sources */ = {isa = PBXBuildFile; fileRef = D655526727B502A5006A6007 /* ListViewModel.swift */; };
		D655528127B502A5006A6007 /* CharacterListTableViewCell.xib in Resources */ = {isa = PBXBuildFile; fileRef = D655526927B502A5006A6007 /* CharacterListTableViewCell.xib */; };
		D655528227B502A5006A6007 /* CharacterListTableViewCell.xib in Resources */ = {isa = PBXBuildFile; fileRef = D655526927B502A5006A6007 /* CharacterListTableViewCell.xib */; };
		D655528327B502A5006A6007 /* CharacterListTableViewCell.xib in Resources */ = {isa = PBXBuildFile; fileRef = D655526927B502A5006A6007 /* CharacterListTableViewCell.xib */; };
		D655528427B502A5006A6007 /* CharacterListTableViewCell.swift in Sources */ = {isa = PBXBuildFile; fileRef = D655526A27B502A5006A6007 /* CharacterListTableViewCell.swift */; };
		D655528527B502A5006A6007 /* CharacterListTableViewCell.swift in Sources */ = {isa = PBXBuildFile; fileRef = D655526A27B502A5006A6007 /* CharacterListTableViewCell.swift */; };
		D655528627B502A5006A6007 /* CharacterListTableViewCell.swift in Sources */ = {isa = PBXBuildFile; fileRef = D655526A27B502A5006A6007 /* CharacterListTableViewCell.swift */; };
		D655528727B502A5006A6007 /* Main.storyboard in Resources */ = {isa = PBXBuildFile; fileRef = D655526C27B502A5006A6007 /* Main.storyboard */; };
		D655528827B502A5006A6007 /* Main.storyboard in Resources */ = {isa = PBXBuildFile; fileRef = D655526C27B502A5006A6007 /* Main.storyboard */; };
		D655528927B502A5006A6007 /* Main.storyboard in Resources */ = {isa = PBXBuildFile; fileRef = D655526C27B502A5006A6007 /* Main.storyboard */; };
		D655528A27B502A5006A6007 /* DataModel.swift in Sources */ = {isa = PBXBuildFile; fileRef = D655526F27B502A5006A6007 /* DataModel.swift */; };
		D655528B27B502A5006A6007 /* DataModel.swift in Sources */ = {isa = PBXBuildFile; fileRef = D655526F27B502A5006A6007 /* DataModel.swift */; };
		D655528C27B502A5006A6007 /* DataModel.swift in Sources */ = {isa = PBXBuildFile; fileRef = D655526F27B502A5006A6007 /* DataModel.swift */; };
		D655528D27B502A5006A6007 /* ThumbnailModel.swift in Sources */ = {isa = PBXBuildFile; fileRef = D655527027B502A5006A6007 /* ThumbnailModel.swift */; };
		D655528E27B502A5006A6007 /* ThumbnailModel.swift in Sources */ = {isa = PBXBuildFile; fileRef = D655527027B502A5006A6007 /* ThumbnailModel.swift */; };
		D655528F27B502A5006A6007 /* ThumbnailModel.swift in Sources */ = {isa = PBXBuildFile; fileRef = D655527027B502A5006A6007 /* ThumbnailModel.swift */; };
		D655529027B502A5006A6007 /* CharacterModel.swift in Sources */ = {isa = PBXBuildFile; fileRef = D655527127B502A5006A6007 /* CharacterModel.swift */; };
		D655529127B502A5006A6007 /* CharacterModel.swift in Sources */ = {isa = PBXBuildFile; fileRef = D655527127B502A5006A6007 /* CharacterModel.swift */; };
		D655529227B502A5006A6007 /* CharacterModel.swift in Sources */ = {isa = PBXBuildFile; fileRef = D655527127B502A5006A6007 /* CharacterModel.swift */; };
		D655529327B502A5006A6007 /* ResultsModel.swift in Sources */ = {isa = PBXBuildFile; fileRef = D655527227B502A5006A6007 /* ResultsModel.swift */; };
		D655529427B502A5006A6007 /* ResultsModel.swift in Sources */ = {isa = PBXBuildFile; fileRef = D655527227B502A5006A6007 /* ResultsModel.swift */; };
		D655529527B502A5006A6007 /* ResultsModel.swift in Sources */ = {isa = PBXBuildFile; fileRef = D655527227B502A5006A6007 /* ResultsModel.swift */; };
		D655529627B502A5006A6007 /* CharacterListViewController.swift in Sources */ = {isa = PBXBuildFile; fileRef = D655527427B502A5006A6007 /* CharacterListViewController.swift */; };
		D655529727B502A5006A6007 /* CharacterListViewController.swift in Sources */ = {isa = PBXBuildFile; fileRef = D655527427B502A5006A6007 /* CharacterListViewController.swift */; };
		D655529827B502A5006A6007 /* CharacterListViewController.swift in Sources */ = {isa = PBXBuildFile; fileRef = D655527427B502A5006A6007 /* CharacterListViewController.swift */; };
		D655529A27B5031C006A6007 /* LaunchScreen.storyboard in Resources */ = {isa = PBXBuildFile; fileRef = D655529927B5031C006A6007 /* LaunchScreen.storyboard */; };
		D655529B27B5031C006A6007 /* LaunchScreen.storyboard in Resources */ = {isa = PBXBuildFile; fileRef = D655529927B5031C006A6007 /* LaunchScreen.storyboard */; };
		D655529C27B5031C006A6007 /* LaunchScreen.storyboard in Resources */ = {isa = PBXBuildFile; fileRef = D655529927B5031C006A6007 /* LaunchScreen.storyboard */; };
		D655529E27B537DD006A6007 /* CharacterDetailTestCases.swift in Sources */ = {isa = PBXBuildFile; fileRef = D655529D27B537DD006A6007 /* CharacterDetailTestCases.swift */; };
		D65552A027B53D63006A6007 /* ActivityIndicatorView.swift in Sources */ = {isa = PBXBuildFile; fileRef = D655529F27B53D62006A6007 /* ActivityIndicatorView.swift */; };
/* End PBXBuildFile section */

/* Begin PBXContainerItemProxy section */
		D655522827B50261006A6007 /* PBXContainerItemProxy */ = {
			isa = PBXContainerItemProxy;
			containerPortal = D655520927B5025A006A6007 /* Project object */;
			proxyType = 1;
			remoteGlobalIDString = D655521027B5025A006A6007;
			remoteInfo = OpenBankAssesmentBySachinKishore;
		};
		D655523227B50261006A6007 /* PBXContainerItemProxy */ = {
			isa = PBXContainerItemProxy;
			containerPortal = D655520927B5025A006A6007 /* Project object */;
			proxyType = 1;
			remoteGlobalIDString = D655521027B5025A006A6007;
			remoteInfo = OpenBankAssesmentBySachinKishore;
		};
/* End PBXContainerItemProxy section */

/* Begin PBXFileReference section */
		D655521127B5025A006A6007 /* OpenBankAssesmentBySachinKishore.app */ = {isa = PBXFileReference; explicitFileType = wrapper.application; includeInIndex = 0; path = OpenBankAssesmentBySachinKishore.app; sourceTree = BUILT_PRODUCTS_DIR; };
		D655521427B5025A006A6007 /* AppDelegate.swift */ = {isa = PBXFileReference; lastKnownFileType = sourcecode.swift; path = AppDelegate.swift; sourceTree = "<group>"; };
		D655521627B5025A006A6007 /* SceneDelegate.swift */ = {isa = PBXFileReference; lastKnownFileType = sourcecode.swift; path = SceneDelegate.swift; sourceTree = "<group>"; };
		D655521D27B50260006A6007 /* Assets.xcassets */ = {isa = PBXFileReference; lastKnownFileType = folder.assetcatalog; path = Assets.xcassets; sourceTree = "<group>"; };
		D655522227B50260006A6007 /* Info.plist */ = {isa = PBXFileReference; lastKnownFileType = text.plist.xml; path = Info.plist; sourceTree = "<group>"; };
		D655522727B50261006A6007 /* OpenBankAssesmentBySachinKishoreTests.xctest */ = {isa = PBXFileReference; explicitFileType = wrapper.cfbundle; includeInIndex = 0; path = OpenBankAssesmentBySachinKishoreTests.xctest; sourceTree = BUILT_PRODUCTS_DIR; };
		D655522B27B50261006A6007 /* CharacterListTestCases.swift */ = {isa = PBXFileReference; lastKnownFileType = sourcecode.swift; path = CharacterListTestCases.swift; sourceTree = "<group>"; };
		D655523127B50261006A6007 /* OpenBankAssesmentBySachinKishoreUITests.xctest */ = {isa = PBXFileReference; explicitFileType = wrapper.cfbundle; includeInIndex = 0; path = OpenBankAssesmentBySachinKishoreUITests.xctest; sourceTree = BUILT_PRODUCTS_DIR; };
		D655523527B50261006A6007 /* OpenBankAssesmentBySachinKishoreUITests.swift */ = {isa = PBXFileReference; lastKnownFileType = sourcecode.swift; path = OpenBankAssesmentBySachinKishoreUITests.swift; sourceTree = "<group>"; };
		D655523727B50261006A6007 /* OpenBankAssesmentBySachinKishoreUITestsLaunchTests.swift */ = {isa = PBXFileReference; lastKnownFileType = sourcecode.swift; path = OpenBankAssesmentBySachinKishoreUITestsLaunchTests.swift; sourceTree = "<group>"; };
		D655524527B50291006A6007 /* Messages.swift */ = {isa = PBXFileReference; fileEncoding = 4; lastKnownFileType = sourcecode.swift; path = Messages.swift; sourceTree = "<group>"; };
		D655524627B50291006A6007 /* Marvel.plist */ = {isa = PBXFileReference; fileEncoding = 4; lastKnownFileType = text.plist.xml; path = Marvel.plist; sourceTree = "<group>"; };
		D655524727B50291006A6007 /* BaseViewController.swift */ = {isa = PBXFileReference; fileEncoding = 4; lastKnownFileType = sourcecode.swift; path = BaseViewController.swift; sourceTree = "<group>"; };
		D655524827B50291006A6007 /* StoryBoard.swift */ = {isa = PBXFileReference; fileEncoding = 4; lastKnownFileType = sourcecode.swift; path = StoryBoard.swift; sourceTree = "<group>"; };
		D655524927B50291006A6007 /* CommonFunctions.swift */ = {isa = PBXFileReference; fileEncoding = 4; lastKnownFileType = sourcecode.swift; path = CommonFunctions.swift; sourceTree = "<group>"; };
		D655524A27B50291006A6007 /* APIClass.swift */ = {isa = PBXFileReference; fileEncoding = 4; lastKnownFileType = sourcecode.swift; path = APIClass.swift; sourceTree = "<group>"; };
		D655526027B502A5006A6007 /* CharacterDetailViewModel.swift */ = {isa = PBXFileReference; fileEncoding = 4; lastKnownFileType = sourcecode.swift; path = CharacterDetailViewModel.swift; sourceTree = "<group>"; };
		D655526227B502A5006A6007 /* Detail.storyboard */ = {isa = PBXFileReference; fileEncoding = 4; lastKnownFileType = file.storyboard; path = Detail.storyboard; sourceTree = "<group>"; };
		D655526427B502A5006A6007 /* CharacterDetailViewController.swift */ = {isa = PBXFileReference; fileEncoding = 4; lastKnownFileType = sourcecode.swift; path = CharacterDetailViewController.swift; sourceTree = "<group>"; };
		D655526727B502A5006A6007 /* ListViewModel.swift */ = {isa = PBXFileReference; fileEncoding = 4; lastKnownFileType = sourcecode.swift; path = ListViewModel.swift; sourceTree = "<group>"; };
		D655526927B502A5006A6007 /* CharacterListTableViewCell.xib */ = {isa = PBXFileReference; fileEncoding = 4; lastKnownFileType = file.xib; path = CharacterListTableViewCell.xib; sourceTree = "<group>"; };
		D655526A27B502A5006A6007 /* CharacterListTableViewCell.swift */ = {isa = PBXFileReference; fileEncoding = 4; lastKnownFileType = sourcecode.swift; path = CharacterListTableViewCell.swift; sourceTree = "<group>"; };
		D655526D27B502A5006A6007 /* Base */ = {isa = PBXFileReference; lastKnownFileType = file.storyboard; name = Base; path = Base.lproj/Main.storyboard; sourceTree = "<group>"; };
		D655526F27B502A5006A6007 /* DataModel.swift */ = {isa = PBXFileReference; fileEncoding = 4; lastKnownFileType = sourcecode.swift; path = DataModel.swift; sourceTree = "<group>"; };
		D655527027B502A5006A6007 /* ThumbnailModel.swift */ = {isa = PBXFileReference; fileEncoding = 4; lastKnownFileType = sourcecode.swift; path = ThumbnailModel.swift; sourceTree = "<group>"; };
		D655527127B502A5006A6007 /* CharacterModel.swift */ = {isa = PBXFileReference; fileEncoding = 4; lastKnownFileType = sourcecode.swift; path = CharacterModel.swift; sourceTree = "<group>"; };
		D655527227B502A5006A6007 /* ResultsModel.swift */ = {isa = PBXFileReference; fileEncoding = 4; lastKnownFileType = sourcecode.swift; path = ResultsModel.swift; sourceTree = "<group>"; };
		D655527427B502A5006A6007 /* CharacterListViewController.swift */ = {isa = PBXFileReference; fileEncoding = 4; lastKnownFileType = sourcecode.swift; path = CharacterListViewController.swift; sourceTree = "<group>"; };
		D655529927B5031C006A6007 /* LaunchScreen.storyboard */ = {isa = PBXFileReference; fileEncoding = 4; lastKnownFileType = file.storyboard; path = LaunchScreen.storyboard; sourceTree = "<group>"; };
		D655529D27B537DD006A6007 /* CharacterDetailTestCases.swift */ = {isa = PBXFileReference; lastKnownFileType = sourcecode.swift; path = CharacterDetailTestCases.swift; sourceTree = "<group>"; };
		D655529F27B53D62006A6007 /* ActivityIndicatorView.swift */ = {isa = PBXFileReference; fileEncoding = 4; lastKnownFileType = sourcecode.swift; path = ActivityIndicatorView.swift; sourceTree = "<group>"; };
/* End PBXFileReference section */

/* Begin PBXFrameworksBuildPhase section */
		D655520E27B5025A006A6007 /* Frameworks */ = {
			isa = PBXFrameworksBuildPhase;
			buildActionMask = 2147483647;
			files = (
			);
			runOnlyForDeploymentPostprocessing = 0;
		};
		D655522427B50261006A6007 /* Frameworks */ = {
			isa = PBXFrameworksBuildPhase;
			buildActionMask = 2147483647;
			files = (
			);
			runOnlyForDeploymentPostprocessing = 0;
		};
		D655522E27B50261006A6007 /* Frameworks */ = {
			isa = PBXFrameworksBuildPhase;
			buildActionMask = 2147483647;
			files = (
			);
			runOnlyForDeploymentPostprocessing = 0;
		};
/* End PBXFrameworksBuildPhase section */

/* Begin PBXGroup section */
		D655520827B5025A006A6007 = {
			isa = PBXGroup;
			children = (
				D655521327B5025A006A6007 /* OpenBankAssesmentBySachinKishore */,
				D655522A27B50261006A6007 /* OpenBankAssesmentBySachinKishoreTests */,
				D655523427B50261006A6007 /* OpenBankAssesmentBySachinKishoreUITests */,
				D655521227B5025A006A6007 /* Products */,
			);
			sourceTree = "<group>";
		};
		D655521227B5025A006A6007 /* Products */ = {
			isa = PBXGroup;
			children = (
				D655521127B5025A006A6007 /* OpenBankAssesmentBySachinKishore.app */,
				D655522727B50261006A6007 /* OpenBankAssesmentBySachinKishoreTests.xctest */,
				D655523127B50261006A6007 /* OpenBankAssesmentBySachinKishoreUITests.xctest */,
			);
			name = Products;
			sourceTree = "<group>";
		};
		D655521327B5025A006A6007 /* OpenBankAssesmentBySachinKishore */ = {
			isa = PBXGroup;
			children = (
				D655525D27B502A5006A6007 /* Modules */,
				D655524427B50291006A6007 /* Common */,
				D655521427B5025A006A6007 /* AppDelegate.swift */,
				D655521627B5025A006A6007 /* SceneDelegate.swift */,
				D655521D27B50260006A6007 /* Assets.xcassets */,
				D655529927B5031C006A6007 /* LaunchScreen.storyboard */,
				D655522227B50260006A6007 /* Info.plist */,
			);
			path = OpenBankAssesmentBySachinKishore;
			sourceTree = "<group>";
		};
		D655522A27B50261006A6007 /* OpenBankAssesmentBySachinKishoreTests */ = {
			isa = PBXGroup;
			children = (
				D655522B27B50261006A6007 /* CharacterListTestCases.swift */,
				D655529D27B537DD006A6007 /* CharacterDetailTestCases.swift */,
			);
			path = OpenBankAssesmentBySachinKishoreTests;
			sourceTree = "<group>";
		};
		D655523427B50261006A6007 /* OpenBankAssesmentBySachinKishoreUITests */ = {
			isa = PBXGroup;
			children = (
				D655523527B50261006A6007 /* OpenBankAssesmentBySachinKishoreUITests.swift */,
				D655523727B50261006A6007 /* OpenBankAssesmentBySachinKishoreUITestsLaunchTests.swift */,
			);
			path = OpenBankAssesmentBySachinKishoreUITests;
			sourceTree = "<group>";
		};
		D655524427B50291006A6007 /* Common */ = {
			isa = PBXGroup;
			children = (
				D655529F27B53D62006A6007 /* ActivityIndicatorView.swift */,
				D655524527B50291006A6007 /* Messages.swift */,
				D655524627B50291006A6007 /* Marvel.plist */,
				D655524727B50291006A6007 /* BaseViewController.swift */,
				D655524827B50291006A6007 /* StoryBoard.swift */,
				D655524927B50291006A6007 /* CommonFunctions.swift */,
				D655524A27B50291006A6007 /* APIClass.swift */,
			);
			path = Common;
			sourceTree = "<group>";
		};
		D655525D27B502A5006A6007 /* Modules */ = {
			isa = PBXGroup;
			children = (
				D655525E27B502A5006A6007 /* Details */,
				D655526527B502A5006A6007 /* ListCharacters */,
			);
			path = Modules;
			sourceTree = "<group>";
		};
		D655525E27B502A5006A6007 /* Details */ = {
			isa = PBXGroup;
			children = (
				D655525F27B502A5006A6007 /* ViewModel */,
				D655526127B502A5006A6007 /* StroyBoard */,
				D655526327B502A5006A6007 /* View */,
			);
			path = Details;
			sourceTree = "<group>";
		};
		D655525F27B502A5006A6007 /* ViewModel */ = {
			isa = PBXGroup;
			children = (
				D655526027B502A5006A6007 /* CharacterDetailViewModel.swift */,
			);
			path = ViewModel;
			sourceTree = "<group>";
		};
		D655526127B502A5006A6007 /* StroyBoard */ = {
			isa = PBXGroup;
			children = (
				D655526227B502A5006A6007 /* Detail.storyboard */,
			);
			path = StroyBoard;
			sourceTree = "<group>";
		};
		D655526327B502A5006A6007 /* View */ = {
			isa = PBXGroup;
			children = (
				D655526427B502A5006A6007 /* CharacterDetailViewController.swift */,
			);
			path = View;
			sourceTree = "<group>";
		};
		D655526527B502A5006A6007 /* ListCharacters */ = {
			isa = PBXGroup;
			children = (
				D655526627B502A5006A6007 /* ViewModel */,
				D655526827B502A5006A6007 /* Cells */,
				D655526B27B502A5006A6007 /* StoryBoard */,
				D655526E27B502A5006A6007 /* Model */,
				D655527327B502A5006A6007 /* View */,
			);
			path = ListCharacters;
			sourceTree = "<group>";
		};
		D655526627B502A5006A6007 /* ViewModel */ = {
			isa = PBXGroup;
			children = (
				D655526727B502A5006A6007 /* ListViewModel.swift */,
			);
			path = ViewModel;
			sourceTree = "<group>";
		};
		D655526827B502A5006A6007 /* Cells */ = {
			isa = PBXGroup;
			children = (
				D655526927B502A5006A6007 /* CharacterListTableViewCell.xib */,
				D655526A27B502A5006A6007 /* CharacterListTableViewCell.swift */,
			);
			path = Cells;
			sourceTree = "<group>";
		};
		D655526B27B502A5006A6007 /* StoryBoard */ = {
			isa = PBXGroup;
			children = (
				D655526C27B502A5006A6007 /* Main.storyboard */,
			);
			path = StoryBoard;
			sourceTree = "<group>";
		};
		D655526E27B502A5006A6007 /* Model */ = {
			isa = PBXGroup;
			children = (
				D655526F27B502A5006A6007 /* DataModel.swift */,
				D655527027B502A5006A6007 /* ThumbnailModel.swift */,
				D655527127B502A5006A6007 /* CharacterModel.swift */,
				D655527227B502A5006A6007 /* ResultsModel.swift */,
			);
			path = Model;
			sourceTree = "<group>";
		};
		D655527327B502A5006A6007 /* View */ = {
			isa = PBXGroup;
			children = (
				D655527427B502A5006A6007 /* CharacterListViewController.swift */,
			);
			path = View;
			sourceTree = "<group>";
		};
/* End PBXGroup section */

/* Begin PBXNativeTarget section */
		D655521027B5025A006A6007 /* OpenBankAssesmentBySachinKishore */ = {
			isa = PBXNativeTarget;
			buildConfigurationList = D655523B27B50261006A6007 /* Build configuration list for PBXNativeTarget "OpenBankAssesmentBySachinKishore" */;
			buildPhases = (
				D655520D27B5025A006A6007 /* Sources */,
				D655520E27B5025A006A6007 /* Frameworks */,
				D655520F27B5025A006A6007 /* Resources */,
			);
			buildRules = (
			);
			dependencies = (
			);
			name = OpenBankAssesmentBySachinKishore;
			productName = OpenBankAssesmentBySachinKishore;
			productReference = D655521127B5025A006A6007 /* OpenBankAssesmentBySachinKishore.app */;
			productType = "com.apple.product-type.application";
		};
		D655522627B50261006A6007 /* OpenBankAssesmentBySachinKishoreTests */ = {
			isa = PBXNativeTarget;
			buildConfigurationList = D655523E27B50261006A6007 /* Build configuration list for PBXNativeTarget "OpenBankAssesmentBySachinKishoreTests" */;
			buildPhases = (
				D655522327B50261006A6007 /* Sources */,
				D655522427B50261006A6007 /* Frameworks */,
				D655522527B50261006A6007 /* Resources */,
			);
			buildRules = (
			);
			dependencies = (
				D655522927B50261006A6007 /* PBXTargetDependency */,
			);
			name = OpenBankAssesmentBySachinKishoreTests;
			productName = OpenBankAssesmentBySachinKishoreTests;
			productReference = D655522727B50261006A6007 /* OpenBankAssesmentBySachinKishoreTests.xctest */;
			productType = "com.apple.product-type.bundle.unit-test";
		};
		D655523027B50261006A6007 /* OpenBankAssesmentBySachinKishoreUITests */ = {
			isa = PBXNativeTarget;
			buildConfigurationList = D655524127B50261006A6007 /* Build configuration list for PBXNativeTarget "OpenBankAssesmentBySachinKishoreUITests" */;
			buildPhases = (
				D655522D27B50261006A6007 /* Sources */,
				D655522E27B50261006A6007 /* Frameworks */,
				D655522F27B50261006A6007 /* Resources */,
			);
			buildRules = (
			);
			dependencies = (
				D655523327B50261006A6007 /* PBXTargetDependency */,
			);
			name = OpenBankAssesmentBySachinKishoreUITests;
			productName = OpenBankAssesmentBySachinKishoreUITests;
			productReference = D655523127B50261006A6007 /* OpenBankAssesmentBySachinKishoreUITests.xctest */;
			productType = "com.apple.product-type.bundle.ui-testing";
		};
/* End PBXNativeTarget section */

/* Begin PBXProject section */
		D655520927B5025A006A6007 /* Project object */ = {
			isa = PBXProject;
			attributes = {
				BuildIndependentTargetsInParallel = 1;
				LastSwiftUpdateCheck = 1310;
				LastUpgradeCheck = 1310;
				TargetAttributes = {
					D655521027B5025A006A6007 = {
						CreatedOnToolsVersion = 13.1;
					};
					D655522627B50261006A6007 = {
						CreatedOnToolsVersion = 13.1;
						TestTargetID = D655521027B5025A006A6007;
					};
					D655523027B50261006A6007 = {
						CreatedOnToolsVersion = 13.1;
						TestTargetID = D655521027B5025A006A6007;
					};
				};
			};
			buildConfigurationList = D655520C27B5025A006A6007 /* Build configuration list for PBXProject "OpenBankAssesmentBySachinKishore" */;
			compatibilityVersion = "Xcode 13.0";
			developmentRegion = en;
			hasScannedForEncodings = 0;
			knownRegions = (
				en,
				Base,
			);
			mainGroup = D655520827B5025A006A6007;
			productRefGroup = D655521227B5025A006A6007 /* Products */;
			projectDirPath = "";
			projectRoot = "";
			targets = (
				D655521027B5025A006A6007 /* OpenBankAssesmentBySachinKishore */,
				D655522627B50261006A6007 /* OpenBankAssesmentBySachinKishoreTests */,
				D655523027B50261006A6007 /* OpenBankAssesmentBySachinKishoreUITests */,
			);
		};
/* End PBXProject section */

/* Begin PBXResourcesBuildPhase section */
		D655520F27B5025A006A6007 /* Resources */ = {
			isa = PBXResourcesBuildPhase;
			buildActionMask = 2147483647;
			files = (
				D655528727B502A5006A6007 /* Main.storyboard in Resources */,
				D655524E27B50291006A6007 /* Marvel.plist in Resources */,
				D655521E27B50260006A6007 /* Assets.xcassets in Resources */,
				D655529A27B5031C006A6007 /* LaunchScreen.storyboard in Resources */,
				D655527827B502A5006A6007 /* Detail.storyboard in Resources */,
				D655528127B502A5006A6007 /* CharacterListTableViewCell.xib in Resources */,
			);
			runOnlyForDeploymentPostprocessing = 0;
		};
		D655522527B50261006A6007 /* Resources */ = {
			isa = PBXResourcesBuildPhase;
			buildActionMask = 2147483647;
			files = (
				D655524F27B50291006A6007 /* Marvel.plist in Resources */,
				D655527927B502A5006A6007 /* Detail.storyboard in Resources */,
				D655528227B502A5006A6007 /* CharacterListTableViewCell.xib in Resources */,
				D655529B27B5031C006A6007 /* LaunchScreen.storyboard in Resources */,
				D655528827B502A5006A6007 /* Main.storyboard in Resources */,
			);
			runOnlyForDeploymentPostprocessing = 0;
		};
		D655522F27B50261006A6007 /* Resources */ = {
			isa = PBXResourcesBuildPhase;
			buildActionMask = 2147483647;
			files = (
				D655525027B50291006A6007 /* Marvel.plist in Resources */,
				D655527A27B502A5006A6007 /* Detail.storyboard in Resources */,
				D655528327B502A5006A6007 /* CharacterListTableViewCell.xib in Resources */,
				D655529C27B5031C006A6007 /* LaunchScreen.storyboard in Resources */,
				D655528927B502A5006A6007 /* Main.storyboard in Resources */,
			);
			runOnlyForDeploymentPostprocessing = 0;
		};
/* End PBXResourcesBuildPhase section */

/* Begin PBXSourcesBuildPhase section */
		D655520D27B5025A006A6007 /* Sources */ = {
			isa = PBXSourcesBuildPhase;
			buildActionMask = 2147483647;
			files = (
				D655529327B502A5006A6007 /* ResultsModel.swift in Sources */,
				D655528D27B502A5006A6007 /* ThumbnailModel.swift in Sources */,
				D655525127B50291006A6007 /* BaseViewController.swift in Sources */,
				D655525A27B50291006A6007 /* APIClass.swift in Sources */,
				D655528427B502A5006A6007 /* CharacterListTableViewCell.swift in Sources */,
				D655525727B50291006A6007 /* CommonFunctions.swift in Sources */,
				D655529027B502A5006A6007 /* CharacterModel.swift in Sources */,
				D655524B27B50291006A6007 /* Messages.swift in Sources */,
				D655529627B502A5006A6007 /* CharacterListViewController.swift in Sources */,
				D655528A27B502A5006A6007 /* DataModel.swift in Sources */,
				D655527B27B502A5006A6007 /* CharacterDetailViewController.swift in Sources */,
				D655521527B5025A006A6007 /* AppDelegate.swift in Sources */,
				D655527527B502A5006A6007 /* CharacterDetailViewModel.swift in Sources */,
				D655525427B50291006A6007 /* StoryBoard.swift in Sources */,
				D655521727B5025A006A6007 /* SceneDelegate.swift in Sources */,
				D655527E27B502A5006A6007 /* ListViewModel.swift in Sources */,
				D65552A027B53D63006A6007 /* ActivityIndicatorView.swift in Sources */,
			);
			runOnlyForDeploymentPostprocessing = 0;
		};
		D655522327B50261006A6007 /* Sources */ = {
			isa = PBXSourcesBuildPhase;
			buildActionMask = 2147483647;
			files = (
				D655527627B502A5006A6007 /* CharacterDetailViewModel.swift in Sources */,
				D655525527B50291006A6007 /* StoryBoard.swift in Sources */,
				D655528B27B502A5006A6007 /* DataModel.swift in Sources */,
				D655528527B502A5006A6007 /* CharacterListTableViewCell.swift in Sources */,
				D655522C27B50261006A6007 /* CharacterListTestCases.swift in Sources */,
				D655525827B50291006A6007 /* CommonFunctions.swift in Sources */,
				D655529127B502A5006A6007 /* CharacterModel.swift in Sources */,
				D655529727B502A5006A6007 /* CharacterListViewController.swift in Sources */,
				D655529E27B537DD006A6007 /* CharacterDetailTestCases.swift in Sources */,
				D655525B27B50291006A6007 /* APIClass.swift in Sources */,
				D655527F27B502A5006A6007 /* ListViewModel.swift in Sources */,
				D655528E27B502A5006A6007 /* ThumbnailModel.swift in Sources */,
				D655527C27B502A5006A6007 /* CharacterDetailViewController.swift in Sources */,
				D655524C27B50291006A6007 /* Messages.swift in Sources */,
				D655529427B502A5006A6007 /* ResultsModel.swift in Sources */,
				D655525227B50291006A6007 /* BaseViewController.swift in Sources */,
			);
			runOnlyForDeploymentPostprocessing = 0;
		};
		D655522D27B50261006A6007 /* Sources */ = {
			isa = PBXSourcesBuildPhase;
			buildActionMask = 2147483647;
			files = (
				D655528027B502A5006A6007 /* ListViewModel.swift in Sources */,
				D655528627B502A5006A6007 /* CharacterListTableViewCell.swift in Sources */,
				D655525C27B50291006A6007 /* APIClass.swift in Sources */,
				D655525927B50291006A6007 /* CommonFunctions.swift in Sources */,
				D655525627B50291006A6007 /* StoryBoard.swift in Sources */,
				D655529227B502A5006A6007 /* CharacterModel.swift in Sources */,
				D655528F27B502A5006A6007 /* ThumbnailModel.swift in Sources */,
				D655528C27B502A5006A6007 /* DataModel.swift in Sources */,
				D655523627B50261006A6007 /* OpenBankAssesmentBySachinKishoreUITests.swift in Sources */,
				D655529527B502A5006A6007 /* ResultsModel.swift in Sources */,
				D655525327B50291006A6007 /* BaseViewController.swift in Sources */,
				D655527727B502A5006A6007 /* CharacterDetailViewModel.swift in Sources */,
				D655529827B502A5006A6007 /* CharacterListViewController.swift in Sources */,
				D655524D27B50291006A6007 /* Messages.swift in Sources */,
				D655527D27B502A5006A6007 /* CharacterDetailViewController.swift in Sources */,
				D655523827B50261006A6007 /* OpenBankAssesmentBySachinKishoreUITestsLaunchTests.swift in Sources */,
			);
			runOnlyForDeploymentPostprocessing = 0;
		};
/* End PBXSourcesBuildPhase section */

/* Begin PBXTargetDependency section */
		D655522927B50261006A6007 /* PBXTargetDependency */ = {
			isa = PBXTargetDependency;
			target = D655521027B5025A006A6007 /* OpenBankAssesmentBySachinKishore */;
			targetProxy = D655522827B50261006A6007 /* PBXContainerItemProxy */;
		};
		D655523327B50261006A6007 /* PBXTargetDependency */ = {
			isa = PBXTargetDependency;
			target = D655521027B5025A006A6007 /* OpenBankAssesmentBySachinKishore */;
			targetProxy = D655523227B50261006A6007 /* PBXContainerItemProxy */;
		};
/* End PBXTargetDependency section */

/* Begin PBXVariantGroup section */
		D655526C27B502A5006A6007 /* Main.storyboard */ = {
			isa = PBXVariantGroup;
			children = (
				D655526D27B502A5006A6007 /* Base */,
			);
			name = Main.storyboard;
			sourceTree = "<group>";
		};
/* End PBXVariantGroup section */

/* Begin XCBuildConfiguration section */
		D655523927B50261006A6007 /* Debug */ = {
			isa = XCBuildConfiguration;
			buildSettings = {
				ALWAYS_SEARCH_USER_PATHS = NO;
				CLANG_ANALYZER_NONNULL = YES;
				CLANG_ANALYZER_NUMBER_OBJECT_CONVERSION = YES_AGGRESSIVE;
				CLANG_CXX_LANGUAGE_STANDARD = "gnu++17";
				CLANG_CXX_LIBRARY = "libc++";
				CLANG_ENABLE_MODULES = YES;
				CLANG_ENABLE_OBJC_ARC = YES;
				CLANG_ENABLE_OBJC_WEAK = YES;
				CLANG_WARN_BLOCK_CAPTURE_AUTORELEASING = YES;
				CLANG_WARN_BOOL_CONVERSION = YES;
				CLANG_WARN_COMMA = YES;
				CLANG_WARN_CONSTANT_CONVERSION = YES;
				CLANG_WARN_DEPRECATED_OBJC_IMPLEMENTATIONS = YES;
				CLANG_WARN_DIRECT_OBJC_ISA_USAGE = YES_ERROR;
				CLANG_WARN_DOCUMENTATION_COMMENTS = YES;
				CLANG_WARN_EMPTY_BODY = YES;
				CLANG_WARN_ENUM_CONVERSION = YES;
				CLANG_WARN_INFINITE_RECURSION = YES;
				CLANG_WARN_INT_CONVERSION = YES;
				CLANG_WARN_NON_LITERAL_NULL_CONVERSION = YES;
				CLANG_WARN_OBJC_IMPLICIT_RETAIN_SELF = YES;
				CLANG_WARN_OBJC_LITERAL_CONVERSION = YES;
				CLANG_WARN_OBJC_ROOT_CLASS = YES_ERROR;
				CLANG_WARN_QUOTED_INCLUDE_IN_FRAMEWORK_HEADER = YES;
				CLANG_WARN_RANGE_LOOP_ANALYSIS = YES;
				CLANG_WARN_STRICT_PROTOTYPES = YES;
				CLANG_WARN_SUSPICIOUS_MOVE = YES;
				CLANG_WARN_UNGUARDED_AVAILABILITY = YES_AGGRESSIVE;
				CLANG_WARN_UNREACHABLE_CODE = YES;
				CLANG_WARN__DUPLICATE_METHOD_MATCH = YES;
				COPY_PHASE_STRIP = NO;
				DEBUG_INFORMATION_FORMAT = dwarf;
				ENABLE_STRICT_OBJC_MSGSEND = YES;
				ENABLE_TESTABILITY = YES;
				GCC_C_LANGUAGE_STANDARD = gnu11;
				GCC_DYNAMIC_NO_PIC = NO;
				GCC_NO_COMMON_BLOCKS = YES;
				GCC_OPTIMIZATION_LEVEL = 0;
				GCC_PREPROCESSOR_DEFINITIONS = (
					"DEBUG=1",
					"$(inherited)",
				);
				GCC_WARN_64_TO_32_BIT_CONVERSION = YES;
				GCC_WARN_ABOUT_RETURN_TYPE = YES_ERROR;
				GCC_WARN_UNDECLARED_SELECTOR = YES;
				GCC_WARN_UNINITIALIZED_AUTOS = YES_AGGRESSIVE;
				GCC_WARN_UNUSED_FUNCTION = YES;
				GCC_WARN_UNUSED_VARIABLE = YES;
				IPHONEOS_DEPLOYMENT_TARGET = 15.0;
				MTL_ENABLE_DEBUG_INFO = INCLUDE_SOURCE;
				MTL_FAST_MATH = YES;
				ONLY_ACTIVE_ARCH = YES;
				SDKROOT = iphoneos;
				SWIFT_ACTIVE_COMPILATION_CONDITIONS = DEBUG;
				SWIFT_OPTIMIZATION_LEVEL = "-Onone";
			};
			name = Debug;
		};
		D655523A27B50261006A6007 /* Release */ = {
			isa = XCBuildConfiguration;
			buildSettings = {
				ALWAYS_SEARCH_USER_PATHS = NO;
				CLANG_ANALYZER_NONNULL = YES;
				CLANG_ANALYZER_NUMBER_OBJECT_CONVERSION = YES_AGGRESSIVE;
				CLANG_CXX_LANGUAGE_STANDARD = "gnu++17";
				CLANG_CXX_LIBRARY = "libc++";
				CLANG_ENABLE_MODULES = YES;
				CLANG_ENABLE_OBJC_ARC = YES;
				CLANG_ENABLE_OBJC_WEAK = YES;
				CLANG_WARN_BLOCK_CAPTURE_AUTORELEASING = YES;
				CLANG_WARN_BOOL_CONVERSION = YES;
				CLANG_WARN_COMMA = YES;
				CLANG_WARN_CONSTANT_CONVERSION = YES;
				CLANG_WARN_DEPRECATED_OBJC_IMPLEMENTATIONS = YES;
				CLANG_WARN_DIRECT_OBJC_ISA_USAGE = YES_ERROR;
				CLANG_WARN_DOCUMENTATION_COMMENTS = YES;
				CLANG_WARN_EMPTY_BODY = YES;
				CLANG_WARN_ENUM_CONVERSION = YES;
				CLANG_WARN_INFINITE_RECURSION = YES;
				CLANG_WARN_INT_CONVERSION = YES;
				CLANG_WARN_NON_LITERAL_NULL_CONVERSION = YES;
				CLANG_WARN_OBJC_IMPLICIT_RETAIN_SELF = YES;
				CLANG_WARN_OBJC_LITERAL_CONVERSION = YES;
				CLANG_WARN_OBJC_ROOT_CLASS = YES_ERROR;
				CLANG_WARN_QUOTED_INCLUDE_IN_FRAMEWORK_HEADER = YES;
				CLANG_WARN_RANGE_LOOP_ANALYSIS = YES;
				CLANG_WARN_STRICT_PROTOTYPES = YES;
				CLANG_WARN_SUSPICIOUS_MOVE = YES;
				CLANG_WARN_UNGUARDED_AVAILABILITY = YES_AGGRESSIVE;
				CLANG_WARN_UNREACHABLE_CODE = YES;
				CLANG_WARN__DUPLICATE_METHOD_MATCH = YES;
				COPY_PHASE_STRIP = NO;
				DEBUG_INFORMATION_FORMAT = "dwarf-with-dsym";
				ENABLE_NS_ASSERTIONS = NO;
				ENABLE_STRICT_OBJC_MSGSEND = YES;
				GCC_C_LANGUAGE_STANDARD = gnu11;
				GCC_NO_COMMON_BLOCKS = YES;
				GCC_WARN_64_TO_32_BIT_CONVERSION = YES;
				GCC_WARN_ABOUT_RETURN_TYPE = YES_ERROR;
				GCC_WARN_UNDECLARED_SELECTOR = YES;
				GCC_WARN_UNINITIALIZED_AUTOS = YES_AGGRESSIVE;
				GCC_WARN_UNUSED_FUNCTION = YES;
				GCC_WARN_UNUSED_VARIABLE = YES;
				IPHONEOS_DEPLOYMENT_TARGET = 15.0;
				MTL_ENABLE_DEBUG_INFO = NO;
				MTL_FAST_MATH = YES;
				SDKROOT = iphoneos;
				SWIFT_COMPILATION_MODE = wholemodule;
				SWIFT_OPTIMIZATION_LEVEL = "-O";
				VALIDATE_PRODUCT = YES;
			};
			name = Release;
		};
		D655523C27B50261006A6007 /* Debug */ = {
			isa = XCBuildConfiguration;
			buildSettings = {
				ASSETCATALOG_COMPILER_APPICON_NAME = AppIcon;
				ASSETCATALOG_COMPILER_GLOBAL_ACCENT_COLOR_NAME = AccentColor;
				CODE_SIGN_STYLE = Automatic;
				CURRENT_PROJECT_VERSION = 1;
				GENERATE_INFOPLIST_FILE = YES;
				INFOPLIST_FILE = OpenBankAssesmentBySachinKishore/Info.plist;
				INFOPLIST_KEY_UIApplicationSupportsIndirectInputEvents = YES;
				INFOPLIST_KEY_UILaunchStoryboardName = LaunchScreen;
				INFOPLIST_KEY_UIMainStoryboardFile = Main;
				INFOPLIST_KEY_UISupportedInterfaceOrientations_iPad = "UIInterfaceOrientationPortrait UIInterfaceOrientationPortraitUpsideDown UIInterfaceOrientationLandscapeLeft UIInterfaceOrientationLandscapeRight";
				INFOPLIST_KEY_UISupportedInterfaceOrientations_iPhone = "UIInterfaceOrientationPortrait UIInterfaceOrientationLandscapeLeft UIInterfaceOrientationLandscapeRight";
				LD_RUNPATH_SEARCH_PATHS = (
					"$(inherited)",
					"@executable_path/Frameworks",
				);
				MARKETING_VERSION = 1.0;
				PRODUCT_BUNDLE_IDENTIFIER = com.OpenBankAssesmentBySachinKishore;
				PRODUCT_NAME = "$(TARGET_NAME)";
				SWIFT_EMIT_LOC_STRINGS = YES;
				SWIFT_VERSION = 5.0;
				TARGETED_DEVICE_FAMILY = "1,2";
			};
			name = Debug;
		};
		D655523D27B50261006A6007 /* Release */ = {
			isa = XCBuildConfiguration;
			buildSettings = {
				ASSETCATALOG_COMPILER_APPICON_NAME = AppIcon;
				ASSETCATALOG_COMPILER_GLOBAL_ACCENT_COLOR_NAME = AccentColor;
				CODE_SIGN_STYLE = Automatic;
				CURRENT_PROJECT_VERSION = 1;
				GENERATE_INFOPLIST_FILE = YES;
				INFOPLIST_FILE = OpenBankAssesmentBySachinKishore/Info.plist;
				INFOPLIST_KEY_UIApplicationSupportsIndirectInputEvents = YES;
				INFOPLIST_KEY_UILaunchStoryboardName = LaunchScreen;
				INFOPLIST_KEY_UIMainStoryboardFile = Main;
				INFOPLIST_KEY_UISupportedInterfaceOrientations_iPad = "UIInterfaceOrientationPortrait UIInterfaceOrientationPortraitUpsideDown UIInterfaceOrientationLandscapeLeft UIInterfaceOrientationLandscapeRight";
				INFOPLIST_KEY_UISupportedInterfaceOrientations_iPhone = "UIInterfaceOrientationPortrait UIInterfaceOrientationLandscapeLeft UIInterfaceOrientationLandscapeRight";
				LD_RUNPATH_SEARCH_PATHS = (
					"$(inherited)",
					"@executable_path/Frameworks",
				);
				MARKETING_VERSION = 1.0;
				PRODUCT_BUNDLE_IDENTIFIER = com.OpenBankAssesmentBySachinKishore;
				PRODUCT_NAME = "$(TARGET_NAME)";
				SWIFT_EMIT_LOC_STRINGS = YES;
				SWIFT_VERSION = 5.0;
				TARGETED_DEVICE_FAMILY = "1,2";
			};
			name = Release;
		};
		D655523F27B50261006A6007 /* Debug */ = {
			isa = XCBuildConfiguration;
			buildSettings = {
				ALWAYS_EMBED_SWIFT_STANDARD_LIBRARIES = YES;
				BUNDLE_LOADER = "$(TEST_HOST)";
				CODE_SIGN_STYLE = Automatic;
				CURRENT_PROJECT_VERSION = 1;
				GENERATE_INFOPLIST_FILE = YES;
				IPHONEOS_DEPLOYMENT_TARGET = 15.0;
				LD_RUNPATH_SEARCH_PATHS = (
					"$(inherited)",
					"@executable_path/Frameworks",
					"@loader_path/Frameworks",
				);
				MARKETING_VERSION = 1.0;
				PRODUCT_BUNDLE_IDENTIFIER = com.OpenBankAssesmentBySachinKishoreTests;
				PRODUCT_NAME = "$(TARGET_NAME)";
				SWIFT_EMIT_LOC_STRINGS = NO;
				SWIFT_VERSION = 5.0;
				TARGETED_DEVICE_FAMILY = "1,2";
				TEST_HOST = "$(BUILT_PRODUCTS_DIR)/OpenBankAssesmentBySachinKishore.app/OpenBankAssesmentBySachinKishore";
			};
			name = Debug;
		};
		D655524027B50261006A6007 /* Release */ = {
			isa = XCBuildConfiguration;
			buildSettings = {
				ALWAYS_EMBED_SWIFT_STANDARD_LIBRARIES = YES;
				BUNDLE_LOADER = "$(TEST_HOST)";
				CODE_SIGN_STYLE = Automatic;
				CURRENT_PROJECT_VERSION = 1;
				GENERATE_INFOPLIST_FILE = YES;
				IPHONEOS_DEPLOYMENT_TARGET = 15.0;
				LD_RUNPATH_SEARCH_PATHS = (
					"$(inherited)",
					"@executable_path/Frameworks",
					"@loader_path/Frameworks",
				);
				MARKETING_VERSION = 1.0;
				PRODUCT_BUNDLE_IDENTIFIER = com.OpenBankAssesmentBySachinKishoreTests;
				PRODUCT_NAME = "$(TARGET_NAME)";
				SWIFT_EMIT_LOC_STRINGS = NO;
				SWIFT_VERSION = 5.0;
				TARGETED_DEVICE_FAMILY = "1,2";
				TEST_HOST = "$(BUILT_PRODUCTS_DIR)/OpenBankAssesmentBySachinKishore.app/OpenBankAssesmentBySachinKishore";
			};
			name = Release;
		};
		D655524227B50261006A6007 /* Debug */ = {
			isa = XCBuildConfiguration;
			buildSettings = {
				ALWAYS_EMBED_SWIFT_STANDARD_LIBRARIES = YES;
				CODE_SIGN_STYLE = Automatic;
				CURRENT_PROJECT_VERSION = 1;
				GENERATE_INFOPLIST_FILE = YES;
				LD_RUNPATH_SEARCH_PATHS = (
					"$(inherited)",
					"@executable_path/Frameworks",
					"@loader_path/Frameworks",
				);
				MARKETING_VERSION = 1.0;
				PRODUCT_BUNDLE_IDENTIFIER = com.OpenBankAssesmentBySachinKishoreUITests;
				PRODUCT_NAME = "$(TARGET_NAME)";
				SWIFT_EMIT_LOC_STRINGS = NO;
				SWIFT_VERSION = 5.0;
				TARGETED_DEVICE_FAMILY = "1,2";
				TEST_TARGET_NAME = OpenBankAssesmentBySachinKishore;
			};
			name = Debug;
		};
		D655524327B50261006A6007 /* Release */ = {
			isa = XCBuildConfiguration;
			buildSettings = {
				ALWAYS_EMBED_SWIFT_STANDARD_LIBRARIES = YES;
				CODE_SIGN_STYLE = Automatic;
				CURRENT_PROJECT_VERSION = 1;
				GENERATE_INFOPLIST_FILE = YES;
				LD_RUNPATH_SEARCH_PATHS = (
					"$(inherited)",
					"@executable_path/Frameworks",
					"@loader_path/Frameworks",
				);
				MARKETING_VERSION = 1.0;
				PRODUCT_BUNDLE_IDENTIFIER = com.OpenBankAssesmentBySachinKishoreUITests;
				PRODUCT_NAME = "$(TARGET_NAME)";
				SWIFT_EMIT_LOC_STRINGS = NO;
				SWIFT_VERSION = 5.0;
				TARGETED_DEVICE_FAMILY = "1,2";
				TEST_TARGET_NAME = OpenBankAssesmentBySachinKishore;
			};
			name = Release;
		};
/* End XCBuildConfiguration section */

/* Begin XCConfigurationList section */
		D655520C27B5025A006A6007 /* Build configuration list for PBXProject "OpenBankAssesmentBySachinKishore" */ = {
			isa = XCConfigurationList;
			buildConfigurations = (
				D655523927B50261006A6007 /* Debug */,
				D655523A27B50261006A6007 /* Release */,
			);
			defaultConfigurationIsVisible = 0;
			defaultConfigurationName = Release;
		};
		D655523B27B50261006A6007 /* Build configuration list for PBXNativeTarget "OpenBankAssesmentBySachinKishore" */ = {
			isa = XCConfigurationList;
			buildConfigurations = (
				D655523C27B50261006A6007 /* Debug */,
				D655523D27B50261006A6007 /* Release */,
			);
			defaultConfigurationIsVisible = 0;
			defaultConfigurationName = Release;
		};
		D655523E27B50261006A6007 /* Build configuration list for PBXNativeTarget "OpenBankAssesmentBySachinKishoreTests" */ = {
			isa = XCConfigurationList;
			buildConfigurations = (
				D655523F27B50261006A6007 /* Debug */,
				D655524027B50261006A6007 /* Release */,
			);
			defaultConfigurationIsVisible = 0;
			defaultConfigurationName = Release;
		};
		D655524127B50261006A6007 /* Build configuration list for PBXNativeTarget "OpenBankAssesmentBySachinKishoreUITests" */ = {
			isa = XCConfigurationList;
			buildConfigurations = (
				D655524227B50261006A6007 /* Debug */,
				D655524327B50261006A6007 /* Release */,
			);
			defaultConfigurationIsVisible = 0;
			defaultConfigurationName = Release;
		};
/* End XCConfigurationList section */
	};
	rootObject = D655520927B5025A006A6007 /* Project object */;
}
